
Microsoft Visual Studio Solution File, Format Version 12.00
# Visual Studio Version 16
VisualStudioVersion = 16.0.32106.194
MinimumVisualStudioVersion = 10.0.40219.1
Project("{FAE04EC0-301F-11D3-BF4B-00C04F79EFBC}") = "MFMELaunch", "MFMELaunch\MFMELaunch.csproj", "{CEC524DF-A6D5-4A71-B8E8-8D288A2D3496}"
EndProject
Global
	GlobalSection(SolutionConfigurationPlatforms) = preSolution
		Debug|Any CPU = Debug|Any CPU
		Release|Any CPU = Release|Any CPU
	EndGlobalSection
	GlobalSection(ProjectConfigurationPlatforms) = postSolution
		{CEC524DF-A6D5-4A71-B8E8-8D288A2D3496}.Debug|Any CPU.ActiveCfg = Debug|Any CPU
		{CEC524DF-A6D5-4A71-B8E8-8D288A2D3496}.Debug|Any CPU.Build.0 = Debug|Any CPU
		{CEC524DF-A6D5-4A71-B8E8-8D288A2D3496}.Release|Any CPU.ActiveCfg = Release|Any CPU
		{CEC524DF-A6D5-4A71-B8E8-8D288A2D3496}.Release|Any CPU.Build.0 = Release|Any CPU
	EndGlobalSection
	GlobalSection(SolutionProperties) = preSolution
		HideSolutionNode = FALSE
	EndGlobalSection
	GlobalSection(ExtensibilityGlobals) = postSolution
		SolutionGuid = {A5B351D7-F124-48D7-9DF0-909D7D9B0E42}
	EndGlobalSection
EndGlobal
